// !$*UTF8*$!
{
	archiveVersion = 1;
	classes = {
	};
	objectVersion = 48;
	objects = {

/* Begin PBXBuildFile section */
		1CEE52C31FB531ED00A8067E /* AppDelegate.swift in Sources */ = {isa = PBXBuildFile; fileRef = 1CEE52C21FB531ED00A8067E /* AppDelegate.swift */; };
		1CEE52C51FB531ED00A8067E /* ViewController.swift in Sources */ = {isa = PBXBuildFile; fileRef = 1CEE52C41FB531ED00A8067E /* ViewController.swift */; };
		1CEE52C81FB531ED00A8067E /* Main.storyboard in Resources */ = {isa = PBXBuildFile; fileRef = 1CEE52C61FB531ED00A8067E /* Main.storyboard */; };
		1CEE52CB1FB531ED00A8067E /* MilwaukeeBucks.xcdatamodeld in Sources */ = {isa = PBXBuildFile; fileRef = 1CEE52C91FB531ED00A8067E /* MilwaukeeBucks.xcdatamodeld */; };
		1CEE52CD1FB531ED00A8067E /* Assets.xcassets in Resources */ = {isa = PBXBuildFile; fileRef = 1CEE52CC1FB531ED00A8067E /* Assets.xcassets */; };
		1CEE52D01FB531ED00A8067E /* LaunchScreen.storyboard in Resources */ = {isa = PBXBuildFile; fileRef = 1CEE52CE1FB531ED00A8067E /* LaunchScreen.storyboard */; };
		1CEE52DB1FB531ED00A8067E /* MilwaukeeBucksTests.swift in Sources */ = {isa = PBXBuildFile; fileRef = 1CEE52DA1FB531ED00A8067E /* MilwaukeeBucksTests.swift */; };
		1CEE52E61FB531ED00A8067E /* MilwaukeeBucksUITests.swift in Sources */ = {isa = PBXBuildFile; fileRef = 1CEE52E51FB531ED00A8067E /* MilwaukeeBucksUITests.swift */; };
/* End PBXBuildFile section */

/* Begin PBXContainerItemProxy section */
		1CEE52D71FB531ED00A8067E /* PBXContainerItemProxy */ = {
			isa = PBXContainerItemProxy;
			containerPortal = 1CEE52B71FB531ED00A8067E /* Project object */;
			proxyType = 1;
			remoteGlobalIDString = 1CEE52BE1FB531ED00A8067E;
			remoteInfo = MilwaukeeBucks;
		};
		1CEE52E21FB531ED00A8067E /* PBXContainerItemProxy */ = {
			isa = PBXContainerItemProxy;
			containerPortal = 1CEE52B71FB531ED00A8067E /* Project object */;
			proxyType = 1;
			remoteGlobalIDString = 1CEE52BE1FB531ED00A8067E;
			remoteInfo = MilwaukeeBucks;
		};
/* End PBXContainerItemProxy section */

/* Begin PBXFileReference section */
		1CEE52BF1FB531ED00A8067E /* MilwaukeeBucks.app */ = {isa = PBXFileReference; explicitFileType = wrapper.application; includeInIndex = 0; path = MilwaukeeBucks.app; sourceTree = BUILT_PRODUCTS_DIR; };
		1CEE52C21FB531ED00A8067E /* AppDelegate.swift */ = {isa = PBXFileReference; lastKnownFileType = sourcecode.swift; path = AppDelegate.swift; sourceTree = "<group>"; };
		1CEE52C41FB531ED00A8067E /* ViewController.swift */ = {isa = PBXFileReference; lastKnownFileType = sourcecode.swift; path = ViewController.swift; sourceTree = "<group>"; };
		1CEE52C71FB531ED00A8067E /* Base */ = {isa = PBXFileReference; lastKnownFileType = file.storyboard; name = Base; path = Base.lproj/Main.storyboard; sourceTree = "<group>"; };
		1CEE52CA1FB531ED00A8067E /* MilwaukeeBucks.xcdatamodel */ = {isa = PBXFileReference; lastKnownFileType = wrapper.xcdatamodel; path = MilwaukeeBucks.xcdatamodel; sourceTree = "<group>"; };
		1CEE52CC1FB531ED00A8067E /* Assets.xcassets */ = {isa = PBXFileReference; lastKnownFileType = folder.assetcatalog; path = Assets.xcassets; sourceTree = "<group>"; };
		1CEE52CF1FB531ED00A8067E /* Base */ = {isa = PBXFileReference; lastKnownFileType = file.storyboard; name = Base; path = Base.lproj/LaunchScreen.storyboard; sourceTree = "<group>"; };
		1CEE52D11FB531ED00A8067E /* Info.plist */ = {isa = PBXFileReference; lastKnownFileType = text.plist.xml; path = Info.plist; sourceTree = "<group>"; };
		1CEE52D61FB531ED00A8067E /* MilwaukeeBucksTests.xctest */ = {isa = PBXFileReference; explicitFileType = wrapper.cfbundle; includeInIndex = 0; path = MilwaukeeBucksTests.xctest; sourceTree = BUILT_PRODUCTS_DIR; };
		1CEE52DA1FB531ED00A8067E /* MilwaukeeBucksTests.swift */ = {isa = PBXFileReference; lastKnownFileType = sourcecode.swift; path = MilwaukeeBucksTests.swift; sourceTree = "<group>"; };
		1CEE52DC1FB531ED00A8067E /* Info.plist */ = {isa = PBXFileReference; lastKnownFileType = text.plist.xml; path = Info.plist; sourceTree = "<group>"; };
		1CEE52E11FB531ED00A8067E /* MilwaukeeBucksUITests.xctest */ = {isa = PBXFileReference; explicitFileType = wrapper.cfbundle; includeInIndex = 0; path = MilwaukeeBucksUITests.xctest; sourceTree = BUILT_PRODUCTS_DIR; };
		1CEE52E51FB531ED00A8067E /* MilwaukeeBucksUITests.swift */ = {isa = PBXFileReference; lastKnownFileType = sourcecode.swift; path = MilwaukeeBucksUITests.swift; sourceTree = "<group>"; };
		1CEE52E71FB531ED00A8067E /* Info.plist */ = {isa = PBXFileReference; lastKnownFileType = text.plist.xml; path = Info.plist; sourceTree = "<group>"; };
/* End PBXFileReference section */

/* Begin PBXFrameworksBuildPhase section */
		1CEE52BC1FB531ED00A8067E /* Frameworks */ = {
			isa = PBXFrameworksBuildPhase;
			buildActionMask = 2147483647;
			files = (
			);
			runOnlyForDeploymentPostprocessing = 0;
		};
		1CEE52D31FB531ED00A8067E /* Frameworks */ = {
			isa = PBXFrameworksBuildPhase;
			buildActionMask = 2147483647;
			files = (
			);
			runOnlyForDeploymentPostprocessing = 0;
		};
		1CEE52DE1FB531ED00A8067E /* Frameworks */ = {
			isa = PBXFrameworksBuildPhase;
			buildActionMask = 2147483647;
			files = (
			);
			runOnlyForDeploymentPostprocessing = 0;
		};
/* End PBXFrameworksBuildPhase section */

/* Begin PBXGroup section */
		1CEE52B61FB531ED00A8067E = {
			isa = PBXGroup;
			children = (
				1CEE52C11FB531ED00A8067E /* MilwaukeeBucks */,
				1CEE52D91FB531ED00A8067E /* MilwaukeeBucksTests */,
				1CEE52E41FB531ED00A8067E /* MilwaukeeBucksUITests */,
				1CEE52C01FB531ED00A8067E /* Products */,
			);
			sourceTree = "<group>";
		};
		1CEE52C01FB531ED00A8067E /* Products */ = {
			isa = PBXGroup;
			children = (
				1CEE52BF1FB531ED00A8067E /* MilwaukeeBucks.app */,
				1CEE52D61FB531ED00A8067E /* MilwaukeeBucksTests.xctest */,
				1CEE52E11FB531ED00A8067E /* MilwaukeeBucksUITests.xctest */,
			);
			name = Products;
			sourceTree = "<group>";
		};
		1CEE52C11FB531ED00A8067E /* MilwaukeeBucks */ = {
			isa = PBXGroup;
			children = (
				1CEE52C21FB531ED00A8067E /* AppDelegate.swift */,
				1CEE52C41FB531ED00A8067E /* ViewController.swift */,
				1CEE52C61FB531ED00A8067E /* Main.storyboard */,
				1CEE52CC1FB531ED00A8067E /* Assets.xcassets */,
				1CEE52CE1FB531ED00A8067E /* LaunchScreen.storyboard */,
				1CEE52D11FB531ED00A8067E /* Info.plist */,
				1CEE52C91FB531ED00A8067E /* MilwaukeeBucks.xcdatamodeld */,
			);
			path = MilwaukeeBucks;
			sourceTree = "<group>";
		};
		1CEE52D91FB531ED00A8067E /* MilwaukeeBucksTests */ = {
			isa = PBXGroup;
			children = (
				1CEE52DA1FB531ED00A8067E /* MilwaukeeBucksTests.swift */,
				1CEE52DC1FB531ED00A8067E /* Info.plist */,
			);
			path = MilwaukeeBucksTests;
			sourceTree = "<group>";
		};
		1CEE52E41FB531ED00A8067E /* MilwaukeeBucksUITests */ = {
			isa = PBXGroup;
			children = (
				1CEE52E51FB531ED00A8067E /* MilwaukeeBucksUITests.swift */,
				1CEE52E71FB531ED00A8067E /* Info.plist */,
			);
			path = MilwaukeeBucksUITests;
			sourceTree = "<group>";
		};
/* End PBXGroup section */

/* Begin PBXNativeTarget section */
		1CEE52BE1FB531ED00A8067E /* MilwaukeeBucks */ = {
			isa = PBXNativeTarget;
			buildConfigurationList = 1CEE52EA1FB531ED00A8067E /* Build configuration list for PBXNativeTarget "MilwaukeeBucks" */;
			buildPhases = (
				1CEE52BB1FB531ED00A8067E /* Sources */,
				1CEE52BC1FB531ED00A8067E /* Frameworks */,
				1CEE52BD1FB531ED00A8067E /* Resources */,
			);
			buildRules = (
			);
			dependencies = (
			);
			name = MilwaukeeBucks;
			productName = MilwaukeeBucks;
			productReference = 1CEE52BF1FB531ED00A8067E /* MilwaukeeBucks.app */;
			productType = "com.apple.product-type.application";
		};
		1CEE52D51FB531ED00A8067E /* MilwaukeeBucksTests */ = {
			isa = PBXNativeTarget;
			buildConfigurationList = 1CEE52ED1FB531ED00A8067E /* Build configuration list for PBXNativeTarget "MilwaukeeBucksTests" */;
			buildPhases = (
				1CEE52D21FB531ED00A8067E /* Sources */,
				1CEE52D31FB531ED00A8067E /* Frameworks */,
				1CEE52D41FB531ED00A8067E /* Resources */,
			);
			buildRules = (
			);
			dependencies = (
				1CEE52D81FB531ED00A8067E /* PBXTargetDependency */,
			);
			name = MilwaukeeBucksTests;
			productName = MilwaukeeBucksTests;
			productReference = 1CEE52D61FB531ED00A8067E /* MilwaukeeBucksTests.xctest */;
			productType = "com.apple.product-type.bundle.unit-test";
		};
		1CEE52E01FB531ED00A8067E /* MilwaukeeBucksUITests */ = {
			isa = PBXNativeTarget;
			buildConfigurationList = 1CEE52F01FB531ED00A8067E /* Build configuration list for PBXNativeTarget "MilwaukeeBucksUITests" */;
			buildPhases = (
				1CEE52DD1FB531ED00A8067E /* Sources */,
				1CEE52DE1FB531ED00A8067E /* Frameworks */,
				1CEE52DF1FB531ED00A8067E /* Resources */,
			);
			buildRules = (
			);
			dependencies = (
				1CEE52E31FB531ED00A8067E /* PBXTargetDependency */,
			);
			name = MilwaukeeBucksUITests;
			productName = MilwaukeeBucksUITests;
			productReference = 1CEE52E11FB531ED00A8067E /* MilwaukeeBucksUITests.xctest */;
			productType = "com.apple.product-type.bundle.ui-testing";
		};
/* End PBXNativeTarget section */

/* Begin PBXProject section */
		1CEE52B71FB531ED00A8067E /* Project object */ = {
			isa = PBXProject;
			attributes = {
				LastSwiftUpdateCheck = 0910;
				LastUpgradeCheck = 0910;
				ORGANIZATIONNAME = "Josh Altabet";
				TargetAttributes = {
					1CEE52BE1FB531ED00A8067E = {
						CreatedOnToolsVersion = 9.1;
						ProvisioningStyle = Automatic;
					};
					1CEE52D51FB531ED00A8067E = {
						CreatedOnToolsVersion = 9.1;
						ProvisioningStyle = Automatic;
						TestTargetID = 1CEE52BE1FB531ED00A8067E;
					};
					1CEE52E01FB531ED00A8067E = {
						CreatedOnToolsVersion = 9.1;
						ProvisioningStyle = Automatic;
						TestTargetID = 1CEE52BE1FB531ED00A8067E;
					};
				};
			};
			buildConfigurationList = 1CEE52BA1FB531ED00A8067E /* Build configuration list for PBXProject "MilwaukeeBucks" */;
			compatibilityVersion = "Xcode 8.0";
			developmentRegion = en;
			hasScannedForEncodings = 0;
			knownRegions = (
				en,
				Base,
			);
			mainGroup = 1CEE52B61FB531ED00A8067E;
			productRefGroup = 1CEE52C01FB531ED00A8067E /* Products */;
			projectDirPath = "";
			projectRoot = "";
			targets = (
				1CEE52BE1FB531ED00A8067E /* MilwaukeeBucks */,
				1CEE52D51FB531ED00A8067E /* MilwaukeeBucksTests */,
				1CEE52E01FB531ED00A8067E /* MilwaukeeBucksUITests */,
			);
		};
/* End PBXProject section */

/* Begin PBXResourcesBuildPhase section */
		1CEE52BD1FB531ED00A8067E /* Resources */ = {
			isa = PBXResourcesBuildPhase;
			buildActionMask = 2147483647;
			files = (
				1CEE52D01FB531ED00A8067E /* LaunchScreen.storyboard in Resources */,
				1CEE52CD1FB531ED00A8067E /* Assets.xcassets in Resources */,
				1CEE52C81FB531ED00A8067E /* Main.storyboard in Resources */,
			);
			runOnlyForDeploymentPostprocessing = 0;
		};
		1CEE52D41FB531ED00A8067E /* Resources */ = {
			isa = PBXResourcesBuildPhase;
			buildActionMask = 2147483647;
			files = (
			);
			runOnlyForDeploymentPostprocessing = 0;
		};
		1CEE52DF1FB531ED00A8067E /* Resources */ = {
			isa = PBXResourcesBuildPhase;
			buildActionMask = 2147483647;
			files = (
			);
			runOnlyForDeploymentPostprocessing = 0;
		};
/* End PBXResourcesBuildPhase section */

/* Begin PBXSourcesBuildPhase section */
		1CEE52BB1FB531ED00A8067E /* Sources */ = {
			isa = PBXSourcesBuildPhase;
			buildActionMask = 2147483647;
			files = (
				1CEE52C51FB531ED00A8067E /* ViewController.swift in Sources */,
				1CEE52CB1FB531ED00A8067E /* MilwaukeeBucks.xcdatamodeld in Sources */,
				1CEE52C31FB531ED00A8067E /* AppDelegate.swift in Sources */,
			);
			runOnlyForDeploymentPostprocessing = 0;
		};
		1CEE52D21FB531ED00A8067E /* Sources */ = {
			isa = PBXSourcesBuildPhase;
			buildActionMask = 2147483647;
			files = (
				1CEE52DB1FB531ED00A8067E /* MilwaukeeBucksTests.swift in Sources */,
			);
			runOnlyForDeploymentPostprocessing = 0;
		};
		1CEE52DD1FB531ED00A8067E /* Sources */ = {
			isa = PBXSourcesBuildPhase;
			buildActionMask = 2147483647;
			files = (
				1CEE52E61FB531ED00A8067E /* MilwaukeeBucksUITests.swift in Sources */,
			);
			runOnlyForDeploymentPostprocessing = 0;
		};
/* End PBXSourcesBuildPhase section */

/* Begin PBXTargetDependency section */
		1CEE52D81FB531ED00A8067E /* PBXTargetDependency */ = {
			isa = PBXTargetDependency;
			target = 1CEE52BE1FB531ED00A8067E /* MilwaukeeBucks */;
			targetProxy = 1CEE52D71FB531ED00A8067E /* PBXContainerItemProxy */;
		};
		1CEE52E31FB531ED00A8067E /* PBXTargetDependency */ = {
			isa = PBXTargetDependency;
			target = 1CEE52BE1FB531ED00A8067E /* MilwaukeeBucks */;
			targetProxy = 1CEE52E21FB531ED00A8067E /* PBXContainerItemProxy */;
		};
/* End PBXTargetDependency section */

/* Begin PBXVariantGroup section */
		1CEE52C61FB531ED00A8067E /* Main.storyboard */ = {
			isa = PBXVariantGroup;
			children = (
				1CEE52C71FB531ED00A8067E /* Base */,
			);
			name = Main.storyboard;
			sourceTree = "<group>";
		};
		1CEE52CE1FB531ED00A8067E /* LaunchScreen.storyboard */ = {
			isa = PBXVariantGroup;
			children = (
				1CEE52CF1FB531ED00A8067E /* Base */,
			);
			name = LaunchScreen.storyboard;
			sourceTree = "<group>";
		};
/* End PBXVariantGroup section */

/* Begin XCBuildConfiguration section */
		1CEE52E81FB531ED00A8067E /* Debug */ = {
			isa = XCBuildConfiguration;
			buildSettings = {
				ALWAYS_SEARCH_USER_PATHS = NO;
				CLANG_ANALYZER_NONNULL = YES;
				CLANG_ANALYZER_NUMBER_OBJECT_CONVERSION = YES_AGGRESSIVE;
				CLANG_CXX_LANGUAGE_STANDARD = "gnu++14";
				CLANG_CXX_LIBRARY = "libc++";
				CLANG_ENABLE_MODULES = YES;
				CLANG_ENABLE_OBJC_ARC = YES;
				CLANG_WARN_BLOCK_CAPTURE_AUTORELEASING = YES;
				CLANG_WARN_BOOL_CONVERSION = YES;
				CLANG_WARN_COMMA = YES;
				CLANG_WARN_CONSTANT_CONVERSION = YES;
				CLANG_WARN_DIRECT_OBJC_ISA_USAGE = YES_ERROR;
				CLANG_WARN_DOCUMENTATION_COMMENTS = YES;
				CLANG_WARN_EMPTY_BODY = YES;
				CLANG_WARN_ENUM_CONVERSION = YES;
				CLANG_WARN_INFINITE_RECURSION = YES;
				CLANG_WARN_INT_CONVERSION = YES;
				CLANG_WARN_NON_LITERAL_NULL_CONVERSION = YES;
				CLANG_WARN_OBJC_LITERAL_CONVERSION = YES;
				CLANG_WARN_OBJC_ROOT_CLASS = YES_ERROR;
				CLANG_WARN_RANGE_LOOP_ANALYSIS = YES;
				CLANG_WARN_STRICT_PROTOTYPES = YES;
				CLANG_WARN_SUSPICIOUS_MOVE = YES;
				CLANG_WARN_UNGUARDED_AVAILABILITY = YES_AGGRESSIVE;
				CLANG_WARN_UNREACHABLE_CODE = YES;
				CLANG_WARN__DUPLICATE_METHOD_MATCH = YES;
				CODE_SIGN_IDENTITY = "iPhone Developer";
				COPY_PHASE_STRIP = NO;
				DEBUG_INFORMATION_FORMAT = dwarf;
				ENABLE_STRICT_OBJC_MSGSEND = YES;
				ENABLE_TESTABILITY = YES;
				GCC_C_LANGUAGE_STANDARD = gnu11;
				GCC_DYNAMIC_NO_PIC = NO;
				GCC_NO_COMMON_BLOCKS = YES;
				GCC_OPTIMIZATION_LEVEL = 0;
				GCC_PREPROCESSOR_DEFINITIONS = (
					"DEBUG=1",
					"$(inherited)",
				);
				GCC_WARN_64_TO_32_BIT_CONVERSION = YES;
				GCC_WARN_ABOUT_RETURN_TYPE = YES_ERROR;
				GCC_WARN_UNDECLARED_SELECTOR = YES;
				GCC_WARN_UNINITIALIZED_AUTOS = YES_AGGRESSIVE;
				GCC_WARN_UNUSED_FUNCTION = YES;
				GCC_WARN_UNUSED_VARIABLE = YES;
				IPHONEOS_DEPLOYMENT_TARGET = 11.1;
				MTL_ENABLE_DEBUG_INFO = YES;
				ONLY_ACTIVE_ARCH = YES;
				SDKROOT = iphoneos;
				SWIFT_ACTIVE_COMPILATION_CONDITIONS = DEBUG;
				SWIFT_OPTIMIZATION_LEVEL = "-Onone";
			};
			name = Debug;
		};
		1CEE52E91FB531ED00A8067E /* Release */ = {
			isa = XCBuildConfiguration;
			buildSettings = {
				ALWAYS_SEARCH_USER_PATHS = NO;
				CLANG_ANALYZER_NONNULL = YES;
				CLANG_ANALYZER_NUMBER_OBJECT_CONVERSION = YES_AGGRESSIVE;
				CLANG_CXX_LANGUAGE_STANDARD = "gnu++14";
				CLANG_CXX_LIBRARY = "libc++";
				CLANG_ENABLE_MODULES = YES;
				CLANG_ENABLE_OBJC_ARC = YES;
				CLANG_WARN_BLOCK_CAPTURE_AUTORELEASING = YES;
				CLANG_WARN_BOOL_CONVERSION = YES;
				CLANG_WARN_COMMA = YES;
				CLANG_WARN_CONSTANT_CONVERSION = YES;
				CLANG_WARN_DIRECT_OBJC_ISA_USAGE = YES_ERROR;
				CLANG_WARN_DOCUMENTATION_COMMENTS = YES;
				CLANG_WARN_EMPTY_BODY = YES;
				CLANG_WARN_ENUM_CONVERSION = YES;
				CLANG_WARN_INFINITE_RECURSION = YES;
				CLANG_WARN_INT_CONVERSION = YES;
				CLANG_WARN_NON_LITERAL_NULL_CONVERSION = YES;
				CLANG_WARN_OBJC_LITERAL_CONVERSION = YES;
				CLANG_WARN_OBJC_ROOT_CLASS = YES_ERROR;
				CLANG_WARN_RANGE_LOOP_ANALYSIS = YES;
				CLANG_WARN_STRICT_PROTOTYPES = YES;
				CLANG_WARN_SUSPICIOUS_MOVE = YES;
				CLANG_WARN_UNGUARDED_AVAILABILITY = YES_AGGRESSIVE;
				CLANG_WARN_UNREACHABLE_CODE = YES;
				CLANG_WARN__DUPLICATE_METHOD_MATCH = YES;
				CODE_SIGN_IDENTITY = "iPhone Developer";
				COPY_PHASE_STRIP = NO;
				DEBUG_INFORMATION_FORMAT = "dwarf-with-dsym";
				ENABLE_NS_ASSERTIONS = NO;
				ENABLE_STRICT_OBJC_MSGSEND = YES;
				GCC_C_LANGUAGE_STANDARD = gnu11;
				GCC_NO_COMMON_BLOCKS = YES;
				GCC_WARN_64_TO_32_BIT_CONVERSION = YES;
				GCC_WARN_ABOUT_RETURN_TYPE = YES_ERROR;
				GCC_WARN_UNDECLARED_SELECTOR = YES;
				GCC_WARN_UNINITIALIZED_AUTOS = YES_AGGRESSIVE;
				GCC_WARN_UNUSED_FUNCTION = YES;
				GCC_WARN_UNUSED_VARIABLE = YES;
				IPHONEOS_DEPLOYMENT_TARGET = 11.1;
				MTL_ENABLE_DEBUG_INFO = NO;
				SDKROOT = iphoneos;
				SWIFT_OPTIMIZATION_LEVEL = "-Owholemodule";
				VALIDATE_PRODUCT = YES;
			};
			name = Release;
		};
		1CEE52EB1FB531ED00A8067E /* Debug */ = {
			isa = XCBuildConfiguration;
			buildSettings = {
				ASSETCATALOG_COMPILER_APPICON_NAME = AppIcon;
				CODE_SIGN_STYLE = Automatic;
				INFOPLIST_FILE = MilwaukeeBucks/Info.plist;
				LD_RUNPATH_SEARCH_PATHS = "$(inherited) @executable_path/Frameworks";
				PRODUCT_BUNDLE_IDENTIFIER = edu.colorado.mcen.MilwaukeeBucks;
				PRODUCT_NAME = "$(TARGET_NAME)";
				SWIFT_VERSION = 4.0;
				TARGETED_DEVICE_FAMILY = "1,2";
			};
			name = Debug;
		};
		1CEE52EC1FB531ED00A8067E /* Release */ = {
			isa = XCBuildConfiguration;
			buildSettings = {
				ASSETCATALOG_COMPILER_APPICON_NAME = AppIcon;
				CODE_SIGN_STYLE = Automatic;
				INFOPLIST_FILE = MilwaukeeBucks/Info.plist;
				LD_RUNPATH_SEARCH_PATHS = "$(inherited) @executable_path/Frameworks";
				PRODUCT_BUNDLE_IDENTIFIER = edu.colorado.mcen.MilwaukeeBucks;
				PRODUCT_NAME = "$(TARGET_NAME)";
				SWIFT_VERSION = 4.0;
				TARGETED_DEVICE_FAMILY = "1,2";
			};
			name = Release;
		};
		1CEE52EE1FB531ED00A8067E /* Debug */ = {
			isa = XCBuildConfiguration;
			buildSettings = {
				ALWAYS_EMBED_SWIFT_STANDARD_LIBRARIES = YES;
				BUNDLE_LOADER = "$(TEST_HOST)";
				CODE_SIGN_STYLE = Automatic;
				INFOPLIST_FILE = MilwaukeeBucksTests/Info.plist;
				LD_RUNPATH_SEARCH_PATHS = "$(inherited) @executable_path/Frameworks @loader_path/Frameworks";
				PRODUCT_BUNDLE_IDENTIFIER = edu.colorado.mcen.MilwaukeeBucksTests;
				PRODUCT_NAME = "$(TARGET_NAME)";
				SWIFT_VERSION = 4.0;
				TARGETED_DEVICE_FAMILY = "1,2";
				TEST_HOST = "$(BUILT_PRODUCTS_DIR)/MilwaukeeBucks.app/MilwaukeeBucks";
			};
			name = Debug;
		};
		1CEE52EF1FB531ED00A8067E /* Release */ = {
			isa = XCBuildConfiguration;
			buildSettings = {
				ALWAYS_EMBED_SWIFT_STANDARD_LIBRARIES = YES;
				BUNDLE_LOADER = "$(TEST_HOST)";
				CODE_SIGN_STYLE = Automatic;
				INFOPLIST_FILE = MilwaukeeBucksTests/Info.plist;
				LD_RUNPATH_SEARCH_PATHS = "$(inherited) @executable_path/Frameworks @loader_path/Frameworks";
				PRODUCT_BUNDLE_IDENTIFIER = edu.colorado.mcen.MilwaukeeBucksTests;
				PRODUCT_NAME = "$(TARGET_NAME)";
				SWIFT_VERSION = 4.0;
				TARGETED_DEVICE_FAMILY = "1,2";
				TEST_HOST = "$(BUILT_PRODUCTS_DIR)/MilwaukeeBucks.app/MilwaukeeBucks";
			};
			name = Release;
		};
		1CEE52F11FB531ED00A8067E /* Debug */ = {
			isa = XCBuildConfiguration;
			buildSettings = {
				ALWAYS_EMBED_SWIFT_STANDARD_LIBRARIES = YES;
				CODE_SIGN_STYLE = Automatic;
				INFOPLIST_FILE = MilwaukeeBucksUITests/Info.plist;
				LD_RUNPATH_SEARCH_PATHS = "$(inherited) @executable_path/Frameworks @loader_path/Frameworks";
				PRODUCT_BUNDLE_IDENTIFIER = edu.colorado.mcen.MilwaukeeBucksUITests;
				PRODUCT_NAME = "$(TARGET_NAME)";
				SWIFT_VERSION = 4.0;
				TARGETED_DEVICE_FAMILY = "1,2";
				TEST_TARGET_NAME = MilwaukeeBucks;
			};
			name = Debug;
		};
		1CEE52F21FB531ED00A8067E /* Release */ = {
			isa = XCBuildConfiguration;
			buildSettings = {
				ALWAYS_EMBED_SWIFT_STANDARD_LIBRARIES = YES;
				CODE_SIGN_STYLE = Automatic;
				INFOPLIST_FILE = MilwaukeeBucksUITests/Info.plist;
				LD_RUNPATH_SEARCH_PATHS = "$(inherited) @executable_path/Frameworks @loader_path/Frameworks";
				PRODUCT_BUNDLE_IDENTIFIER = edu.colorado.mcen.MilwaukeeBucksUITests;
				PRODUCT_NAME = "$(TARGET_NAME)";
				SWIFT_VERSION = 4.0;
				TARGETED_DEVICE_FAMILY = "1,2";
				TEST_TARGET_NAME = MilwaukeeBucks;
			};
			name = Release;
		};
/* End XCBuildConfiguration section */

/* Begin XCConfigurationList section */
		1CEE52BA1FB531ED00A8067E /* Build configuration list for PBXProject "MilwaukeeBucks" */ = {
			isa = XCConfigurationList;
			buildConfigurations = (
				1CEE52E81FB531ED00A8067E /* Debug */,
				1CEE52E91FB531ED00A8067E /* Release */,
			);
			defaultConfigurationIsVisible = 0;
			defaultConfigurationName = Release;
		};
		1CEE52EA1FB531ED00A8067E /* Build configuration list for PBXNativeTarget "MilwaukeeBucks" */ = {
			isa = XCConfigurationList;
			buildConfigurations = (
				1CEE52EB1FB531ED00A8067E /* Debug */,
				1CEE52EC1FB531ED00A8067E /* Release */,
			);
			defaultConfigurationIsVisible = 0;
			defaultConfigurationName = Release;
		};
		1CEE52ED1FB531ED00A8067E /* Build configuration list for PBXNativeTarget "MilwaukeeBucksTests" */ = {
			isa = XCConfigurationList;
			buildConfigurations = (
				1CEE52EE1FB531ED00A8067E /* Debug */,
				1CEE52EF1FB531ED00A8067E /* Release */,
			);
			defaultConfigurationIsVisible = 0;
			defaultConfigurationName = Release;
		};
		1CEE52F01FB531ED00A8067E /* Build configuration list for PBXNativeTarget "MilwaukeeBucksUITests" */ = {
			isa = XCConfigurationList;
			buildConfigurations = (
				1CEE52F11FB531ED00A8067E /* Debug */,
				1CEE52F21FB531ED00A8067E /* Release */,
			);
			defaultConfigurationIsVisible = 0;
			defaultConfigurationName = Release;
		};
/* End XCConfigurationList section */

/* Begin XCVersionGroup section */
		1CEE52C91FB531ED00A8067E /* MilwaukeeBucks.xcdatamodeld */ = {
			isa = XCVersionGroup;
			children = (
				1CEE52CA1FB531ED00A8067E /* MilwaukeeBucks.xcdatamodel */,
			);
			currentVersion = 1CEE52CA1FB531ED00A8067E /* MilwaukeeBucks.xcdatamodel */;
			path = MilwaukeeBucks.xcdatamodeld;
			sourceTree = "<group>";
			versionGroupType = wrapper.xcdatamodel;
		};
/* End XCVersionGroup section */
	};
	rootObject = 1CEE52B71FB531ED00A8067E /* Project object */;
}
